
Microsoft Visual Studio Solution File, Format Version 12.00
# Visual Studio Version 16
VisualStudioVersion = 16.0.31613.86
MinimumVisualStudioVersion = 10.0.40219.1
Project("{9A19103F-16F7-4668-BE54-9A1E7A4F7556}") = "Zoo_Maria_Eganyan", "Zoo_Maria_Eganyan.csproj", "{CFA68031-9975-4A40-8942-3FA5F85CBCC0}"
EndProject
Global
	GlobalSection(SolutionConfigurationPlatforms) = preSolution
		Debug|Any CPU = Debug|Any CPU
		Release|Any CPU = Release|Any CPU
	EndGlobalSection
	GlobalSection(ProjectConfigurationPlatforms) = postSolution
		{CFA68031-9975-4A40-8942-3FA5F85CBCC0}.Debug|Any CPU.ActiveCfg = Debug|Any CPU
		{CFA68031-9975-4A40-8942-3FA5F85CBCC0}.Debug|Any CPU.Build.0 = Debug|Any CPU
		{CFA68031-9975-4A40-8942-3FA5F85CBCC0}.Release|Any CPU.ActiveCfg = Release|Any CPU
		{CFA68031-9975-4A40-8942-3FA5F85CBCC0}.Release|Any CPU.Build.0 = Release|Any CPU
	EndGlobalSection
	GlobalSection(SolutionProperties) = preSolution
		HideSolutionNode = FALSE
	EndGlobalSection
	GlobalSection(ExtensibilityGlobals) = postSolution
		SolutionGuid = {4D59F7FA-E0DE-4D12-A825-77F496D58DD9}
	EndGlobalSection
EndGlobal
